github.com/cvilsmeier/monibot-go v0.0.4 h1:lY6HTn4WfiyawsFYeD/NKfeIpreV7OfspYI6pSYUGDA=
github.com/cvilsmeier/monibot-go v0.0.4/go.mod h1:NBtP4dmXJTmL6i3GNXQyqpX8tOr1O+HPLnc6hEXFprs=
github.com/cvilsmeier/monibot-go v0.0.5 h1:XLe2wyy/tt4EArLUt4cQQAsDTgqQJdF9P/vUXOQsY8o=
github.com/cvilsmeier/monibot-go v0.0.5/go.mod h1:NBtP4dmXJTmL6i3GNXQyqpX8tOr1O+HPLnc6hEXFprs=
github.com/cvilsmeier/monibot-go v0.0.6 h1:liyuwXDq45lDJwK+IN6XK+ufl+7TJekjY3Pg2H/Za6U=
github.com/cvilsmeier/monibot-go v0.0.6/go.mod h1:NBtP4dmXJTmL6i3GNXQyqpX8tOr1O+HPLnc6hEXFprs=
