github.com/cvilsmeier/monibot-go v0.0.7-0.20231112165341-58f4a4585dab h1:jYdna1MhfVNTkBQwVYdUZKJyZ7dD4tJZeOKM8tdHxf4=
github.com/cvilsmeier/monibot-go v0.0.7-0.20231112165341-58f4a4585dab/go.mod h1:NBtP4dmXJTmL6i3GNXQyqpX8tOr1O+HPLnc6hEXFprs=
github.com/cvilsmeier/monibot-go v0.0.7-0.20231113113645-7b706fd2fa65 h1:VqRlaWQPthQeNR2VUjlZrGhLfFvzqXBe5pUBCvWklQ0=
github.com/cvilsmeier/monibot-go v0.0.7-0.20231113113645-7b706fd2fa65/go.mod h1:NBtP4dmXJTmL6i3GNXQyqpX8tOr1O+HPLnc6hEXFprs=
github.com/cvilsmeier/monibot-go v0.0.7 h1:Q2fM8POvcFZ8imfPAULz/3pZD0iXf2Tlgdl7ckDCTOA=
github.com/cvilsmeier/monibot-go v0.0.7/go.mod h1:NBtP4dmXJTmL6i3GNXQyqpX8tOr1O+HPLnc6hEXFprs=
github.com/cvilsmeier/monibot-go v0.0.8-0.20231113161929-d164f2c9c94c h1:xdJ+Jwf2IANvcuU+8ZCQ3dG4oeeperfiq/FayJGXrps=
github.com/cvilsmeier/monibot-go v0.0.8-0.20231113161929-d164f2c9c94c/go.mod h1:NBtP4dmXJTmL6i3GNXQyqpX8tOr1O+HPLnc6hEXFprs=
github.com/cvilsmeier/monibot-go v0.0.8-0.20231113163359-7eab04d3a50f h1:De+IYfNrsb4ubko51djGXI4t4UvYkhcEHTkcSGGRJvc=
github.com/cvilsmeier/monibot-go v0.0.8-0.20231113163359-7eab04d3a50f/go.mod h1:NBtP4dmXJTmL6i3GNXQyqpX8tOr1O+HPLnc6hEXFprs=
